{
  "nodes": {
    "catppuccin": {
      "inputs": {
        "nixpkgs": "nixpkgs"
      },
      "locked": {
        "lastModified": 1758270360,
        "narHash": "sha256-yqh6EEhlpVWRoKl85o1s+QZ72UHWTvornnc3C0Ls484=",
        "owner": "catppuccin",
        "repo": "nix",
        "rev": "2e0aacdd6abbecd1b1c0511a2fcd1460a6bc6645",
        "type": "github"
      },
      "original": {
        "owner": "catppuccin",
        "repo": "nix",
        "type": "github"
      }
    },
    "dcachix": {
      "inputs": {
        "jj": "jj",
        "nixpkgs": "nixpkgs_2"
      },
      "locked": {
        "lastModified": 1758853820,
        "narHash": "sha256-BsKOpbSqLZLW/rx6SSKcUx73/S1jjRMBvHYhfjdgpsQ=",
        "owner": "debarchito",
        "repo": "dcachix",
        "rev": "6493d6e4d92d470a2411967e652af0251c09bd27",
        "type": "github"
      },
      "original": {
        "owner": "debarchito",
        "repo": "dcachix",
        "type": "github"
      }
    },
    "flake-compat": {
      "locked": {
        "lastModified": 1747046372,
        "narHash": "sha256-CIVLLkVgvHYbgI2UpXvIIBJ12HWgX+fjA8Xf8PUmqCY=",
        "owner": "edolstra",
        "repo": "flake-compat",
        "rev": "9100a0f413b0c601e0533d1d94ffd501ce2e7885",
        "type": "github"
      },
      "original": {
        "owner": "edolstra",
        "repo": "flake-compat",
        "type": "github"
      }
    },
    "flake-parts": {
      "inputs": {
        "nixpkgs-lib": [
          "nur",
          "nixpkgs"
        ]
      },
      "locked": {
        "lastModified": 1733312601,
        "narHash": "sha256-4pDvzqnegAfRkPwO3wmwBhVi/Sye1mzps0zHWYnP88c=",
        "owner": "hercules-ci",
        "repo": "flake-parts",
        "rev": "205b12d8b7cd4802fbcb8e8ef6a0f1408781a4f9",
        "type": "github"
      },
      "original": {
        "owner": "hercules-ci",
        "repo": "flake-parts",
        "type": "github"
      }
    },
    "flake-utils": {
      "inputs": {
        "systems": "systems"
      },
      "locked": {
        "lastModified": 1731533236,
        "narHash": "sha256-l0KFg5HjrsfsO/JpG+r7fRrqm12kzFHyUHqHCVpMMbI=",
        "owner": "numtide",
        "repo": "flake-utils",
        "rev": "11707dc2f618dd54ca8739b309ec4fc024de578b",
        "type": "github"
      },
      "original": {
        "owner": "numtide",
        "repo": "flake-utils",
        "type": "github"
      }
    },
    "helix": {
      "inputs": {
        "nixpkgs": [
          "nixpkgs"
        ],
        "rust-overlay": "rust-overlay_2"
      },
      "locked": {
        "lastModified": 1758833221,
        "narHash": "sha256-c3fpREWUKGonlmV/aesmyRxbJZQypHgXStR7SwdcCo0=",
        "owner": "helix-editor",
        "repo": "helix",
        "rev": "109c812233e442addccf1739dec4406248bd3244",
        "type": "github"
      },
      "original": {
        "owner": "helix-editor",
        "repo": "helix",
        "type": "github"
      }
    },
    "home-manager": {
      "inputs": {
        "nixpkgs": [
          "nixpkgs"
        ]
      },
      "locked": {
        "lastModified": 1758853693,
        "narHash": "sha256-Gzrt0dOF9oQvQLTi3bke9HKY7Fv8ZGrjAvgEN58KKgU=",
        "owner": "nix-community",
        "repo": "home-manager",
        "rev": "c1a47eae05fb93788d3e3a7f1e63d7fc34d60c63",
        "type": "github"
      },
      "original": {
        "owner": "nix-community",
        "repo": "home-manager",
        "type": "github"
      }
    },
    "jj": {
      "inputs": {
        "flake-utils": "flake-utils",
        "nixpkgs": [
          "dcachix",
          "nixpkgs"
        ],
        "rust-overlay": "rust-overlay"
      },
      "locked": {
        "lastModified": 1758793357,
        "narHash": "sha256-uYwIhtQYlnEEq4GJpVzZ+Yf3232R6AWk4iFu4vERnw0=",
        "owner": "jj-vcs",
        "repo": "jj",
        "rev": "29991bb6d0450353d898f69e321c226a4140bee0",
        "type": "github"
      },
      "original": {
        "owner": "jj-vcs",
        "repo": "jj",
        "type": "github"
      }
    },
    "nix-alien": {
      "inputs": {
        "flake-compat": "flake-compat",
        "nix-index-database": "nix-index-database",
        "nixpkgs": [
          "nixpkgs"
        ]
      },
      "locked": {
        "lastModified": 1757920634,
        "narHash": "sha256-MNxTc+dncIHFGKQRyAqI/Clttp3JICaSUKlMUQ6l9jc=",
        "owner": "thiagokokada",
        "repo": "nix-alien",
        "rev": "f8a51ef800bc8b7420998415035f9c086eb64d5c",
        "type": "github"
      },
      "original": {
        "owner": "thiagokokada",
        "repo": "nix-alien",
        "type": "github"
      }
    },
    "nix-flatpak": {
      "locked": {
        "lastModified": 1754777568,
        "narHash": "sha256-0bBqT+3XncgF8F03RFAamw9vdf0VmaDoIJLTGkjfQZs=",
        "owner": "gmodena",
        "repo": "nix-flatpak",
        "rev": "62f636b87ef6050760a8cb325cadb90674d1e23e",
        "type": "github"
      },
      "original": {
        "owner": "gmodena",
        "repo": "nix-flatpak",
        "type": "github"
      }
    },
    "nix-index-database": {
      "inputs": {
        "nixpkgs": [
          "nix-alien",
          "nixpkgs"
        ]
      },
      "locked": {
        "lastModified": 1757822619,
        "narHash": "sha256-3HIpe3P2h1AUPYcAH9cjuX0tZOqJpX01c0iDwoUYNZ8=",
        "owner": "nix-community",
        "repo": "nix-index-database",
        "rev": "050a5feb5d1bb5b6e5fc04a7d3d816923a87c9ea",
        "type": "github"
      },
      "original": {
        "owner": "nix-community",
        "repo": "nix-index-database",
        "type": "github"
      }
    },
    "nixpkgs": {
      "locked": {
        "lastModified": 1758035966,
        "narHash": "sha256-qqIJ3yxPiB0ZQTT9//nFGQYn8X/PBoJbofA7hRKZnmE=",
        "owner": "NixOS",
        "repo": "nixpkgs",
        "rev": "8d4ddb19d03c65a36ad8d189d001dc32ffb0306b",
        "type": "github"
      },
      "original": {
        "owner": "NixOS",
        "ref": "nixos-unstable",
        "repo": "nixpkgs",
        "type": "github"
      }
    },
    "nixpkgs_2": {
      "locked": {
        "lastModified": 1758690382,
        "narHash": "sha256-NY3kSorgqE5LMm1LqNwGne3ZLMF2/ILgLpFr1fS4X3o=",
        "owner": "nixos",
        "repo": "nixpkgs",
        "rev": "e643668fd71b949c53f8626614b21ff71a07379d",
        "type": "github"
      },
      "original": {
        "owner": "nixos",
        "ref": "nixos-unstable",
        "repo": "nixpkgs",
        "type": "github"
      }
    },
    "nixpkgs_3": {
      "locked": {
        "lastModified": 1758690382,
        "narHash": "sha256-NY3kSorgqE5LMm1LqNwGne3ZLMF2/ILgLpFr1fS4X3o=",
        "owner": "nixos",
        "repo": "nixpkgs",
        "rev": "e643668fd71b949c53f8626614b21ff71a07379d",
        "type": "github"
      },
      "original": {
        "owner": "nixos",
        "ref": "nixos-unstable",
        "repo": "nixpkgs",
        "type": "github"
      }
    },
    "nur": {
      "inputs": {
        "flake-parts": "flake-parts",
        "nixpkgs": [
          "nixpkgs"
        ]
      },
      "locked": {
        "lastModified": 1758849346,
        "narHash": "sha256-Y4rtuP43MrLxqpLudyvz2s7jApJsv7KWkxQDksz05p0=",
        "owner": "nix-community",
        "repo": "NUR",
        "rev": "d39e95e918ee44504f897b52cddf6b2bc70acc36",
        "type": "github"
      },
      "original": {
        "owner": "nix-community",
        "repo": "NUR",
        "type": "github"
      }
    },
    "root": {
      "inputs": {
        "catppuccin": "catppuccin",
        "dcachix": "dcachix",
        "helix": "helix",
        "home-manager": "home-manager",
        "nix-alien": "nix-alien",
        "nix-flatpak": "nix-flatpak",
        "nixpkgs": "nixpkgs_3",
        "nur": "nur"
      }
    },
    "rust-overlay": {
      "inputs": {
        "nixpkgs": [
          "dcachix",
          "jj",
          "nixpkgs"
        ]
      },
      "locked": {
        "lastModified": 1755139244,
        "narHash": "sha256-SN1BFA00m+siVAQiGLtTwjv9LV9TH5n8tQcSziV6Nv4=",
        "owner": "oxalica",
        "repo": "rust-overlay",
        "rev": "aeae248beb2a419e39d483dd9b7fec924aba8d4d",
        "type": "github"
      },
      "original": {
        "owner": "oxalica",
        "repo": "rust-overlay",
        "type": "github"
      }
    },
    "rust-overlay_2": {
      "inputs": {
        "nixpkgs": [
          "helix",
          "nixpkgs"
        ]
      },
      "locked": {
        "lastModified": 1740623427,
        "narHash": "sha256-3SdPQrZoa4odlScFDUHd4CUPQ/R1gtH4Mq9u8CBiK8M=",
        "owner": "oxalica",
        "repo": "rust-overlay",
        "rev": "d342e8b5fd88421ff982f383c853f0fc78a847ab",
        "type": "github"
      },
      "original": {
        "owner": "oxalica",
        "repo": "rust-overlay",
        "type": "github"
      }
    },
    "systems": {
      "locked": {
        "lastModified": 1681028828,
        "narHash": "sha256-Vy1rq5AaRuLzOxct8nz4T6wlgyUR7zLU309k9mBC768=",
        "owner": "nix-systems",
        "repo": "default",
        "rev": "da67096a3b9bf56a91d16901293e51ba5b49a27e",
        "type": "github"
      },
      "original": {
        "owner": "nix-systems",
        "repo": "default",
        "type": "github"
      }
    }
  },
  "root": "root",
  "version": 7
}
