{
  "nodes": {
    "catppuccin": {
      "inputs": {
        "nixpkgs": "nixpkgs"
      },
      "locked": {
        "lastModified": 1754418797,
        "narHash": "sha256-8UP/nu75GyNcdKW3FD/mRxhs5zWlRIpAQo8wgm9rVQE=",
        "owner": "catppuccin",
        "repo": "nix",
        "rev": "9bdf7f5fb308409495523ea21bec5484b75b2492",
        "type": "github"
      },
      "original": {
        "owner": "catppuccin",
        "repo": "nix",
        "type": "github"
      }
    },
    "dcachix": {
      "inputs": {
        "nixpkgs": "nixpkgs_2"
      },
      "locked": {
        "lastModified": 1754627925,
        "narHash": "sha256-WPbu2q/CRAENPg9WavNrLKqGQ+kbVZDNezLBEMHe54I=",
        "owner": "debarchito",
        "repo": "dcachix",
        "rev": "75710e70bfe60d156d8a64783c943b1ca2976df1",
        "type": "github"
      },
      "original": {
        "owner": "debarchito",
        "repo": "dcachix",
        "type": "github"
      }
    },
    "flake-compat": {
      "locked": {
        "lastModified": 1747046372,
        "narHash": "sha256-CIVLLkVgvHYbgI2UpXvIIBJ12HWgX+fjA8Xf8PUmqCY=",
        "owner": "edolstra",
        "repo": "flake-compat",
        "rev": "9100a0f413b0c601e0533d1d94ffd501ce2e7885",
        "type": "github"
      },
      "original": {
        "owner": "edolstra",
        "repo": "flake-compat",
        "type": "github"
      }
    },
    "flake-parts": {
      "inputs": {
        "nixpkgs-lib": [
          "nur",
          "nixpkgs"
        ]
      },
      "locked": {
        "lastModified": 1733312601,
        "narHash": "sha256-4pDvzqnegAfRkPwO3wmwBhVi/Sye1mzps0zHWYnP88c=",
        "owner": "hercules-ci",
        "repo": "flake-parts",
        "rev": "205b12d8b7cd4802fbcb8e8ef6a0f1408781a4f9",
        "type": "github"
      },
      "original": {
        "owner": "hercules-ci",
        "repo": "flake-parts",
        "type": "github"
      }
    },
    "helix": {
      "inputs": {
        "nixpkgs": [
          "nixpkgs"
        ],
        "rust-overlay": "rust-overlay"
      },
      "locked": {
        "lastModified": 1754613249,
        "narHash": "sha256-v62rsM5v2jFLNx9Wga/8C7kSSZaMKzPovRGEMiswtU4=",
        "owner": "helix-editor",
        "repo": "helix",
        "rev": "18572973e6332101810169668894a99261bcd96b",
        "type": "github"
      },
      "original": {
        "owner": "helix-editor",
        "repo": "helix",
        "type": "github"
      }
    },
    "home-manager": {
      "inputs": {
        "nixpkgs": [
          "nixpkgs"
        ]
      },
      "locked": {
        "lastModified": 1754613544,
        "narHash": "sha256-ueR1mGX4I4DWfDRRxxMphbKDNisDeMPMusN72VV1+cc=",
        "owner": "nix-community",
        "repo": "home-manager",
        "rev": "cc2fa2331aebf9661d22bb507d362b39852ac73f",
        "type": "github"
      },
      "original": {
        "owner": "nix-community",
        "repo": "home-manager",
        "type": "github"
      }
    },
    "niri": {
      "inputs": {
        "niri-stable": "niri-stable",
        "niri-unstable": "niri-unstable",
        "nixpkgs": [
          "nixpkgs"
        ],
        "nixpkgs-stable": "nixpkgs-stable",
        "xwayland-satellite-stable": "xwayland-satellite-stable",
        "xwayland-satellite-unstable": "xwayland-satellite-unstable"
      },
      "locked": {
        "lastModified": 1754593792,
        "narHash": "sha256-ufYmw5vGCUuMdLb8A4MkDKzaXUqlReu7A0wn9EbQ5do=",
        "owner": "sodiboo",
        "repo": "niri-flake",
        "rev": "e76792be7533a57d1420b9cdfe3efa4690a650f0",
        "type": "github"
      },
      "original": {
        "owner": "sodiboo",
        "repo": "niri-flake",
        "type": "github"
      }
    },
    "niri-stable": {
      "flake": false,
      "locked": {
        "lastModified": 1748151941,
        "narHash": "sha256-z4viQZLgC2bIJ3VrzQnR+q2F3gAOEQpU1H5xHtX/2fs=",
        "owner": "YaLTeR",
        "repo": "niri",
        "rev": "8ba57fcf25d2fc9565131684a839d58703f1dae7",
        "type": "github"
      },
      "original": {
        "owner": "YaLTeR",
        "ref": "v25.05.1",
        "repo": "niri",
        "type": "github"
      }
    },
    "niri-unstable": {
      "flake": false,
      "locked": {
        "lastModified": 1754589971,
        "narHash": "sha256-gu0lWJbDkHs6+V9KHXwQHtZ2Hp72FxOjy3YisJ3qj9k=",
        "owner": "YaLTeR",
        "repo": "niri",
        "rev": "f74d83dccaa6e8fffb38c304dd5d1eae07b87d24",
        "type": "github"
      },
      "original": {
        "owner": "YaLTeR",
        "repo": "niri",
        "type": "github"
      }
    },
    "nix-alien": {
      "inputs": {
        "flake-compat": "flake-compat",
        "nix-index-database": "nix-index-database",
        "nixpkgs": [
          "nixpkgs"
        ]
      },
      "locked": {
        "lastModified": 1752566074,
        "narHash": "sha256-hWPv6S5lFn6qOQdSL5Ad/m0mge2ALTC8WEAR7c6YWcE=",
        "owner": "thiagokokada",
        "repo": "nix-alien",
        "rev": "ccf263b7ac5f44f89fd990594b09aa52de3d6585",
        "type": "github"
      },
      "original": {
        "owner": "thiagokokada",
        "repo": "nix-alien",
        "type": "github"
      }
    },
    "nix-flatpak": {
      "locked": {
        "lastModified": 1754513886,
        "narHash": "sha256-iDO2Sr99l400kQWBIk/xEyZ9oMDht6Y/ScnK7k5+tmI=",
        "owner": "gmodena",
        "repo": "nix-flatpak",
        "rev": "f3cf46a120cf17f0a2517667666db5adb8e60ae3",
        "type": "github"
      },
      "original": {
        "owner": "gmodena",
        "repo": "nix-flatpak",
        "type": "github"
      }
    },
    "nix-index-database": {
      "inputs": {
        "nixpkgs": [
          "nix-alien",
          "nixpkgs"
        ]
      },
      "locked": {
        "lastModified": 1752441837,
        "narHash": "sha256-FMH1OSSJp8Cx8MZHXz6KckxJGbCnVMotZNAH3v2WneU=",
        "owner": "nix-community",
        "repo": "nix-index-database",
        "rev": "839e02dece5845be3a322e507a79712b73a96ba2",
        "type": "github"
      },
      "original": {
        "owner": "nix-community",
        "repo": "nix-index-database",
        "type": "github"
      }
    },
    "nixpkgs": {
      "locked": {
        "lastModified": 1753694789,
        "narHash": "sha256-cKgvtz6fKuK1Xr5LQW/zOUiAC0oSQoA9nOISB0pJZqM=",
        "owner": "NixOS",
        "repo": "nixpkgs",
        "rev": "dc9637876d0dcc8c9e5e22986b857632effeb727",
        "type": "github"
      },
      "original": {
        "owner": "NixOS",
        "ref": "nixos-unstable",
        "repo": "nixpkgs",
        "type": "github"
      }
    },
    "nixpkgs-stable": {
      "locked": {
        "lastModified": 1754292888,
        "narHash": "sha256-1ziydHSiDuSnaiPzCQh1mRFBsM2d2yRX9I+5OPGEmIE=",
        "owner": "NixOS",
        "repo": "nixpkgs",
        "rev": "ce01daebf8489ba97bd1609d185ea276efdeb121",
        "type": "github"
      },
      "original": {
        "owner": "NixOS",
        "ref": "nixos-25.05",
        "repo": "nixpkgs",
        "type": "github"
      }
    },
    "nixpkgs_2": {
      "locked": {
        "lastModified": 1754498491,
        "narHash": "sha256-erbiH2agUTD0Z30xcVSFcDHzkRvkRXOQ3lb887bcVrs=",
        "owner": "nixos",
        "repo": "nixpkgs",
        "rev": "c2ae88e026f9525daf89587f3cbee584b92b6134",
        "type": "github"
      },
      "original": {
        "owner": "nixos",
        "ref": "nixos-unstable",
        "repo": "nixpkgs",
        "type": "github"
      }
    },
    "nixpkgs_3": {
      "locked": {
        "lastModified": 1754498491,
        "narHash": "sha256-erbiH2agUTD0Z30xcVSFcDHzkRvkRXOQ3lb887bcVrs=",
        "owner": "nixos",
        "repo": "nixpkgs",
        "rev": "c2ae88e026f9525daf89587f3cbee584b92b6134",
        "type": "github"
      },
      "original": {
        "owner": "nixos",
        "ref": "nixos-unstable",
        "repo": "nixpkgs",
        "type": "github"
      }
    },
    "nur": {
      "inputs": {
        "flake-parts": "flake-parts",
        "nixpkgs": [
          "nixpkgs"
        ]
      },
      "locked": {
        "lastModified": 1754630052,
        "narHash": "sha256-NCJ2F+xMLSPfD9TLZFO55NiNN2+Lee7tQBAcOcp/3Bo=",
        "owner": "nix-community",
        "repo": "NUR",
        "rev": "c207a5afe9d4dc7b145a59f96f075f7155727779",
        "type": "github"
      },
      "original": {
        "owner": "nix-community",
        "repo": "NUR",
        "type": "github"
      }
    },
    "root": {
      "inputs": {
        "catppuccin": "catppuccin",
        "dcachix": "dcachix",
        "helix": "helix",
        "home-manager": "home-manager",
        "niri": "niri",
        "nix-alien": "nix-alien",
        "nix-flatpak": "nix-flatpak",
        "nixpkgs": "nixpkgs_3",
        "nur": "nur"
      }
    },
    "rust-overlay": {
      "inputs": {
        "nixpkgs": [
          "helix",
          "nixpkgs"
        ]
      },
      "locked": {
        "lastModified": 1740623427,
        "narHash": "sha256-3SdPQrZoa4odlScFDUHd4CUPQ/R1gtH4Mq9u8CBiK8M=",
        "owner": "oxalica",
        "repo": "rust-overlay",
        "rev": "d342e8b5fd88421ff982f383c853f0fc78a847ab",
        "type": "github"
      },
      "original": {
        "owner": "oxalica",
        "repo": "rust-overlay",
        "type": "github"
      }
    },
    "xwayland-satellite-stable": {
      "flake": false,
      "locked": {
        "lastModified": 1748488455,
        "narHash": "sha256-IiLr1alzKFIy5tGGpDlabQbe6LV1c9ABvkH6T5WmyRI=",
        "owner": "Supreeeme",
        "repo": "xwayland-satellite",
        "rev": "3ba30b149f9eb2bbf42cf4758d2158ca8cceef73",
        "type": "github"
      },
      "original": {
        "owner": "Supreeeme",
        "ref": "v0.6",
        "repo": "xwayland-satellite",
        "type": "github"
      }
    },
    "xwayland-satellite-unstable": {
      "flake": false,
      "locked": {
        "lastModified": 1754533920,
        "narHash": "sha256-fCZ68Yud1sUCq6UNXj0SDyiBgVA8gJUE+14ZFGsFJG8=",
        "owner": "Supreeeme",
        "repo": "xwayland-satellite",
        "rev": "e0d1dad25a158551ab58547b2ece4b7d5a19929c",
        "type": "github"
      },
      "original": {
        "owner": "Supreeeme",
        "repo": "xwayland-satellite",
        "type": "github"
      }
    }
  },
  "root": "root",
  "version": 7
}
